
Microsoft Visual Studio Solution File, Format Version 12.00
# Visual Studio Version 17
VisualStudioVersion = 17.14.36310.24
MinimumVisualStudioVersion = 10.0.40219.1
Project("{8BC9CEB8-8B4A-11D0-8D11-00A0C91BC942}") = "WinConsole", "WinConsole\WinConsole.vcxproj", "{186B2D33-9F6D-49F4-B86D-D92E2E58AA97}"
EndProject
Project("{8BC9CEB8-8B4A-11D0-8D11-00A0C91BC942}") = "WinWindow", "WinWindow\WinWindow.vcxproj", "{28C40E45-FE0D-4170-AA83-1CD0301B084E}"
EndProject
Project("{8BC9CEB8-8B4A-11D0-8D11-00A0C91BC942}") = "WinStatic", "WinStatic\WinStatic.vcxproj", "{D6C39816-4AB5-454A-85AC-CF5E6908CDC2}"
EndProject
Project("{8BC9CEB8-8B4A-11D0-8D11-00A0C91BC942}") = "WinDll", "WinDll\WinDll.vcxproj", "{811766CA-5394-4AC7-9CE2-3234EC196D3E}"
EndProject
Project("{8BC9CEB8-8B4A-11D0-8D11-00A0C91BC942}") = "WinBase", "WinBase\WinBase.vcxproj", "{EC5BE168-96F7-477B-8F8B-3450A31D0FA5}"
EndProject
Project("{8BC9CEB8-8B4A-11D0-8D11-00A0C91BC942}") = "WinChar", "WinChar\WinChar.vcxproj", "{957417AE-369A-4CFD-A63D-230378DA25BF}"
EndProject
Global
	GlobalSection(SolutionConfigurationPlatforms) = preSolution
		Debug|x64 = Debug|x64
		Debug|x86 = Debug|x86
		Release|x64 = Release|x64
		Release|x86 = Release|x86
	EndGlobalSection
	GlobalSection(ProjectConfigurationPlatforms) = postSolution
		{186B2D33-9F6D-49F4-B86D-D92E2E58AA97}.Debug|x64.ActiveCfg = Debug|x64
		{186B2D33-9F6D-49F4-B86D-D92E2E58AA97}.Debug|x64.Build.0 = Debug|x64
		{186B2D33-9F6D-49F4-B86D-D92E2E58AA97}.Debug|x86.ActiveCfg = Debug|Win32
		{186B2D33-9F6D-49F4-B86D-D92E2E58AA97}.Debug|x86.Build.0 = Debug|Win32
		{186B2D33-9F6D-49F4-B86D-D92E2E58AA97}.Release|x64.ActiveCfg = Release|x64
		{186B2D33-9F6D-49F4-B86D-D92E2E58AA97}.Release|x64.Build.0 = Release|x64
		{186B2D33-9F6D-49F4-B86D-D92E2E58AA97}.Release|x86.ActiveCfg = Release|Win32
		{186B2D33-9F6D-49F4-B86D-D92E2E58AA97}.Release|x86.Build.0 = Release|Win32
		{28C40E45-FE0D-4170-AA83-1CD0301B084E}.Debug|x64.ActiveCfg = Debug|x64
		{28C40E45-FE0D-4170-AA83-1CD0301B084E}.Debug|x64.Build.0 = Debug|x64
		{28C40E45-FE0D-4170-AA83-1CD0301B084E}.Debug|x86.ActiveCfg = Debug|Win32
		{28C40E45-FE0D-4170-AA83-1CD0301B084E}.Debug|x86.Build.0 = Debug|Win32
		{28C40E45-FE0D-4170-AA83-1CD0301B084E}.Release|x64.ActiveCfg = Release|x64
		{28C40E45-FE0D-4170-AA83-1CD0301B084E}.Release|x64.Build.0 = Release|x64
		{28C40E45-FE0D-4170-AA83-1CD0301B084E}.Release|x86.ActiveCfg = Release|Win32
		{28C40E45-FE0D-4170-AA83-1CD0301B084E}.Release|x86.Build.0 = Release|Win32
		{D6C39816-4AB5-454A-85AC-CF5E6908CDC2}.Debug|x64.ActiveCfg = Debug|x64
		{D6C39816-4AB5-454A-85AC-CF5E6908CDC2}.Debug|x64.Build.0 = Debug|x64
		{D6C39816-4AB5-454A-85AC-CF5E6908CDC2}.Debug|x86.ActiveCfg = Debug|Win32
		{D6C39816-4AB5-454A-85AC-CF5E6908CDC2}.Debug|x86.Build.0 = Debug|Win32
		{D6C39816-4AB5-454A-85AC-CF5E6908CDC2}.Release|x64.ActiveCfg = Release|x64
		{D6C39816-4AB5-454A-85AC-CF5E6908CDC2}.Release|x64.Build.0 = Release|x64
		{D6C39816-4AB5-454A-85AC-CF5E6908CDC2}.Release|x86.ActiveCfg = Release|Win32
		{D6C39816-4AB5-454A-85AC-CF5E6908CDC2}.Release|x86.Build.0 = Release|Win32
		{811766CA-5394-4AC7-9CE2-3234EC196D3E}.Debug|x64.ActiveCfg = Debug|x64
		{811766CA-5394-4AC7-9CE2-3234EC196D3E}.Debug|x64.Build.0 = Debug|x64
		{811766CA-5394-4AC7-9CE2-3234EC196D3E}.Debug|x86.ActiveCfg = Debug|Win32
		{811766CA-5394-4AC7-9CE2-3234EC196D3E}.Debug|x86.Build.0 = Debug|Win32
		{811766CA-5394-4AC7-9CE2-3234EC196D3E}.Release|x64.ActiveCfg = Release|x64
		{811766CA-5394-4AC7-9CE2-3234EC196D3E}.Release|x64.Build.0 = Release|x64
		{811766CA-5394-4AC7-9CE2-3234EC196D3E}.Release|x86.ActiveCfg = Release|Win32
		{811766CA-5394-4AC7-9CE2-3234EC196D3E}.Release|x86.Build.0 = Release|Win32
		{EC5BE168-96F7-477B-8F8B-3450A31D0FA5}.Debug|x64.ActiveCfg = Debug|x64
		{EC5BE168-96F7-477B-8F8B-3450A31D0FA5}.Debug|x64.Build.0 = Debug|x64
		{EC5BE168-96F7-477B-8F8B-3450A31D0FA5}.Debug|x86.ActiveCfg = Debug|Win32
		{EC5BE168-96F7-477B-8F8B-3450A31D0FA5}.Debug|x86.Build.0 = Debug|Win32
		{EC5BE168-96F7-477B-8F8B-3450A31D0FA5}.Release|x64.ActiveCfg = Release|x64
		{EC5BE168-96F7-477B-8F8B-3450A31D0FA5}.Release|x64.Build.0 = Release|x64
		{EC5BE168-96F7-477B-8F8B-3450A31D0FA5}.Release|x86.ActiveCfg = Release|Win32
		{EC5BE168-96F7-477B-8F8B-3450A31D0FA5}.Release|x86.Build.0 = Release|Win32
		{957417AE-369A-4CFD-A63D-230378DA25BF}.Debug|x64.ActiveCfg = Debug|x64
		{957417AE-369A-4CFD-A63D-230378DA25BF}.Debug|x64.Build.0 = Debug|x64
		{957417AE-369A-4CFD-A63D-230378DA25BF}.Debug|x86.ActiveCfg = Debug|Win32
		{957417AE-369A-4CFD-A63D-230378DA25BF}.Debug|x86.Build.0 = Debug|Win32
		{957417AE-369A-4CFD-A63D-230378DA25BF}.Release|x64.ActiveCfg = Release|x64
		{957417AE-369A-4CFD-A63D-230378DA25BF}.Release|x64.Build.0 = Release|x64
		{957417AE-369A-4CFD-A63D-230378DA25BF}.Release|x86.ActiveCfg = Release|Win32
		{957417AE-369A-4CFD-A63D-230378DA25BF}.Release|x86.Build.0 = Release|Win32
	EndGlobalSection
	GlobalSection(SolutionProperties) = preSolution
		HideSolutionNode = FALSE
	EndGlobalSection
	GlobalSection(ExtensibilityGlobals) = postSolution
		SolutionGuid = {045677D3-2D40-48E2-9766-1C5FCA9A0FBC}
	EndGlobalSection
EndGlobal
